
Microsoft Visual Studio Solution File, Format Version 12.00
# Visual Studio Version 17
VisualStudioVersion = 17.3.32922.545
MinimumVisualStudioVersion = 10.0.40219.1
Project("{FAE04EC0-301F-11D3-BF4B-00C04F79EFBC}") = "Tuan3Bai2", "Tuan3Bai2\Tuan3Bai2.csproj", "{4DC82069-EE2C-4DE3-8654-7CB1EA726920}"
EndProject
Global
	GlobalSection(SolutionConfigurationPlatforms) = preSolution
		Debug|Any CPU = Debug|Any CPU
		Release|Any CPU = Release|Any CPU
	EndGlobalSection
	GlobalSection(ProjectConfigurationPlatforms) = postSolution
		{4DC82069-EE2C-4DE3-8654-7CB1EA726920}.Debug|Any CPU.ActiveCfg = Debug|Any CPU
		{4DC82069-EE2C-4DE3-8654-7CB1EA726920}.Debug|Any CPU.Build.0 = Debug|Any CPU
		{4DC82069-EE2C-4DE3-8654-7CB1EA726920}.Release|Any CPU.ActiveCfg = Release|Any CPU
		{4DC82069-EE2C-4DE3-8654-7CB1EA726920}.Release|Any CPU.Build.0 = Release|Any CPU
	EndGlobalSection
	GlobalSection(SolutionProperties) = preSolution
		HideSolutionNode = FALSE
	EndGlobalSection
	GlobalSection(ExtensibilityGlobals) = postSolution
		SolutionGuid = {B4F292F9-9276-4BC2-A929-F03A837B1388}
	EndGlobalSection
EndGlobal
