
Microsoft Visual Studio Solution File, Format Version 12.00
# Visual Studio Version 17
VisualStudioVersion = 17.3.32922.545
MinimumVisualStudioVersion = 10.0.40219.1
Project("{FAE04EC0-301F-11D3-BF4B-00C04F79EFBC}") = "Tuan5Bai1", "Tuan5Bai1\Tuan5Bai1.csproj", "{BE33CE6E-FF82-48DA-84BD-0B3C94F64E9D}"
EndProject
Global
	GlobalSection(SolutionConfigurationPlatforms) = preSolution
		Debug|Any CPU = Debug|Any CPU
		Release|Any CPU = Release|Any CPU
	EndGlobalSection
	GlobalSection(ProjectConfigurationPlatforms) = postSolution
		{BE33CE6E-FF82-48DA-84BD-0B3C94F64E9D}.Debug|Any CPU.ActiveCfg = Debug|Any CPU
		{BE33CE6E-FF82-48DA-84BD-0B3C94F64E9D}.Debug|Any CPU.Build.0 = Debug|Any CPU
		{BE33CE6E-FF82-48DA-84BD-0B3C94F64E9D}.Release|Any CPU.ActiveCfg = Release|Any CPU
		{BE33CE6E-FF82-48DA-84BD-0B3C94F64E9D}.Release|Any CPU.Build.0 = Release|Any CPU
	EndGlobalSection
	GlobalSection(SolutionProperties) = preSolution
		HideSolutionNode = FALSE
	EndGlobalSection
	GlobalSection(ExtensibilityGlobals) = postSolution
		SolutionGuid = {73342109-2E5E-4C2C-8EAE-B55FCD1159FA}
	EndGlobalSection
EndGlobal
