
Microsoft Visual Studio Solution File, Format Version 12.00
# Visual Studio Version 17
VisualStudioVersion = 17.4.33205.214
MinimumVisualStudioVersion = 10.0.40219.1
Project("{FAE04EC0-301F-11D3-BF4B-00C04F79EFBC}") = "Tuan1Bai1", "Tuan1Bai1\Tuan1Bai1.csproj", "{06C6CC59-DBEB-4799-8D38-96C6A6BA41C0}"
EndProject
Global
	GlobalSection(SolutionConfigurationPlatforms) = preSolution
		Debug|Any CPU = Debug|Any CPU
		Release|Any CPU = Release|Any CPU
	EndGlobalSection
	GlobalSection(ProjectConfigurationPlatforms) = postSolution
		{06C6CC59-DBEB-4799-8D38-96C6A6BA41C0}.Debug|Any CPU.ActiveCfg = Debug|Any CPU
		{06C6CC59-DBEB-4799-8D38-96C6A6BA41C0}.Debug|Any CPU.Build.0 = Debug|Any CPU
		{06C6CC59-DBEB-4799-8D38-96C6A6BA41C0}.Release|Any CPU.ActiveCfg = Release|Any CPU
		{06C6CC59-DBEB-4799-8D38-96C6A6BA41C0}.Release|Any CPU.Build.0 = Release|Any CPU
	EndGlobalSection
	GlobalSection(SolutionProperties) = preSolution
		HideSolutionNode = FALSE
	EndGlobalSection
	GlobalSection(ExtensibilityGlobals) = postSolution
		SolutionGuid = {D9330D86-7264-4389-8983-AFD1F86E973E}
	EndGlobalSection
EndGlobal
