
Microsoft Visual Studio Solution File, Format Version 12.00
# Visual Studio Version 17
VisualStudioVersion = 17.3.32922.545
MinimumVisualStudioVersion = 10.0.40219.1
Project("{FAE04EC0-301F-11D3-BF4B-00C04F79EFBC}") = "Bai1", "Bai1\Bai1.csproj", "{912AA42E-C190-48C6-A62B-CFADE98B28F1}"
EndProject
Project("{FAE04EC0-301F-11D3-BF4B-00C04F79EFBC}") = "Bai2", "Bai2\Bai2.csproj", "{20281838-A17A-4C0D-BD23-23EB5DFDF2D3}"
EndProject
Project("{FAE04EC0-301F-11D3-BF4B-00C04F79EFBC}") = "Bai3", "Bai3\Bai3.csproj", "{7335298A-7A93-4C15-8E19-47B34B30DBD3}"
EndProject
Project("{FAE04EC0-301F-11D3-BF4B-00C04F79EFBC}") = "Bai4", "Bai4\Bai4.csproj", "{BA180297-CF66-485C-A26B-D0258CD3ECAE}"
EndProject
Project("{FAE04EC0-301F-11D3-BF4B-00C04F79EFBC}") = "Bai5", "Bai5\Bai5.csproj", "{C4745C2B-F4C8-4945-BDC1-A099FFAB44F8}"
EndProject
Project("{FAE04EC0-301F-11D3-BF4B-00C04F79EFBC}") = "Bai6", "Bai6\Bai6.csproj", "{0345B4D9-D4BA-402F-8630-281CC4260FAA}"
EndProject
Project("{FAE04EC0-301F-11D3-BF4B-00C04F79EFBC}") = "Bai7", "Bai7\Bai7.csproj", "{ADCFDD96-06E2-4353-9483-F227FD271E54}"
EndProject
Project("{FAE04EC0-301F-11D3-BF4B-00C04F79EFBC}") = "Bai8", "Bai8\Bai8.csproj", "{A064B926-6713-46DD-BFB1-1B24264FAE25}"
EndProject
Project("{FAE04EC0-301F-11D3-BF4B-00C04F79EFBC}") = "Bai9", "Bai9\Bai9.csproj", "{F47EBA50-1683-49C5-A0E7-F56089F9F83A}"
EndProject
Global
	GlobalSection(SolutionConfigurationPlatforms) = preSolution
		Debug|Any CPU = Debug|Any CPU
		Release|Any CPU = Release|Any CPU
	EndGlobalSection
	GlobalSection(ProjectConfigurationPlatforms) = postSolution
		{912AA42E-C190-48C6-A62B-CFADE98B28F1}.Debug|Any CPU.ActiveCfg = Debug|Any CPU
		{912AA42E-C190-48C6-A62B-CFADE98B28F1}.Debug|Any CPU.Build.0 = Debug|Any CPU
		{912AA42E-C190-48C6-A62B-CFADE98B28F1}.Release|Any CPU.ActiveCfg = Release|Any CPU
		{912AA42E-C190-48C6-A62B-CFADE98B28F1}.Release|Any CPU.Build.0 = Release|Any CPU
		{20281838-A17A-4C0D-BD23-23EB5DFDF2D3}.Debug|Any CPU.ActiveCfg = Debug|Any CPU
		{20281838-A17A-4C0D-BD23-23EB5DFDF2D3}.Debug|Any CPU.Build.0 = Debug|Any CPU
		{20281838-A17A-4C0D-BD23-23EB5DFDF2D3}.Release|Any CPU.ActiveCfg = Release|Any CPU
		{20281838-A17A-4C0D-BD23-23EB5DFDF2D3}.Release|Any CPU.Build.0 = Release|Any CPU
		{7335298A-7A93-4C15-8E19-47B34B30DBD3}.Debug|Any CPU.ActiveCfg = Debug|Any CPU
		{7335298A-7A93-4C15-8E19-47B34B30DBD3}.Debug|Any CPU.Build.0 = Debug|Any CPU
		{7335298A-7A93-4C15-8E19-47B34B30DBD3}.Release|Any CPU.ActiveCfg = Release|Any CPU
		{7335298A-7A93-4C15-8E19-47B34B30DBD3}.Release|Any CPU.Build.0 = Release|Any CPU
		{BA180297-CF66-485C-A26B-D0258CD3ECAE}.Debug|Any CPU.ActiveCfg = Debug|Any CPU
		{BA180297-CF66-485C-A26B-D0258CD3ECAE}.Debug|Any CPU.Build.0 = Debug|Any CPU
		{BA180297-CF66-485C-A26B-D0258CD3ECAE}.Release|Any CPU.ActiveCfg = Release|Any CPU
		{BA180297-CF66-485C-A26B-D0258CD3ECAE}.Release|Any CPU.Build.0 = Release|Any CPU
		{C4745C2B-F4C8-4945-BDC1-A099FFAB44F8}.Debug|Any CPU.ActiveCfg = Debug|Any CPU
		{C4745C2B-F4C8-4945-BDC1-A099FFAB44F8}.Debug|Any CPU.Build.0 = Debug|Any CPU
		{C4745C2B-F4C8-4945-BDC1-A099FFAB44F8}.Release|Any CPU.ActiveCfg = Release|Any CPU
		{C4745C2B-F4C8-4945-BDC1-A099FFAB44F8}.Release|Any CPU.Build.0 = Release|Any CPU
		{0345B4D9-D4BA-402F-8630-281CC4260FAA}.Debug|Any CPU.ActiveCfg = Debug|Any CPU
		{0345B4D9-D4BA-402F-8630-281CC4260FAA}.Debug|Any CPU.Build.0 = Debug|Any CPU
		{0345B4D9-D4BA-402F-8630-281CC4260FAA}.Release|Any CPU.ActiveCfg = Release|Any CPU
		{0345B4D9-D4BA-402F-8630-281CC4260FAA}.Release|Any CPU.Build.0 = Release|Any CPU
		{ADCFDD96-06E2-4353-9483-F227FD271E54}.Debug|Any CPU.ActiveCfg = Debug|Any CPU
		{ADCFDD96-06E2-4353-9483-F227FD271E54}.Debug|Any CPU.Build.0 = Debug|Any CPU
		{ADCFDD96-06E2-4353-9483-F227FD271E54}.Release|Any CPU.ActiveCfg = Release|Any CPU
		{ADCFDD96-06E2-4353-9483-F227FD271E54}.Release|Any CPU.Build.0 = Release|Any CPU
		{A064B926-6713-46DD-BFB1-1B24264FAE25}.Debug|Any CPU.ActiveCfg = Debug|Any CPU
		{A064B926-6713-46DD-BFB1-1B24264FAE25}.Debug|Any CPU.Build.0 = Debug|Any CPU
		{A064B926-6713-46DD-BFB1-1B24264FAE25}.Release|Any CPU.ActiveCfg = Release|Any CPU
		{A064B926-6713-46DD-BFB1-1B24264FAE25}.Release|Any CPU.Build.0 = Release|Any CPU
		{F47EBA50-1683-49C5-A0E7-F56089F9F83A}.Debug|Any CPU.ActiveCfg = Debug|Any CPU
		{F47EBA50-1683-49C5-A0E7-F56089F9F83A}.Debug|Any CPU.Build.0 = Debug|Any CPU
		{F47EBA50-1683-49C5-A0E7-F56089F9F83A}.Release|Any CPU.ActiveCfg = Release|Any CPU
		{F47EBA50-1683-49C5-A0E7-F56089F9F83A}.Release|Any CPU.Build.0 = Release|Any CPU
	EndGlobalSection
	GlobalSection(SolutionProperties) = preSolution
		HideSolutionNode = FALSE
	EndGlobalSection
	GlobalSection(ExtensibilityGlobals) = postSolution
		SolutionGuid = {FB3BD188-9320-4952-AF76-096FF6EF12CF}
	EndGlobalSection
EndGlobal
