
Microsoft Visual Studio Solution File, Format Version 12.00
# Visual Studio Version 17
VisualStudioVersion = 17.4.33205.214
MinimumVisualStudioVersion = 10.0.40219.1
Project("{FAE04EC0-301F-11D3-BF4B-00C04F79EFBC}") = "Tuan8Bai3", "Tuan8Bai3\Tuan8Bai3.csproj", "{B49C93BF-95C4-47EE-BAD9-DBCC2E2EEAF5}"
EndProject
Global
	GlobalSection(SolutionConfigurationPlatforms) = preSolution
		Debug|Any CPU = Debug|Any CPU
		Release|Any CPU = Release|Any CPU
	EndGlobalSection
	GlobalSection(ProjectConfigurationPlatforms) = postSolution
		{B49C93BF-95C4-47EE-BAD9-DBCC2E2EEAF5}.Debug|Any CPU.ActiveCfg = Debug|Any CPU
		{B49C93BF-95C4-47EE-BAD9-DBCC2E2EEAF5}.Debug|Any CPU.Build.0 = Debug|Any CPU
		{B49C93BF-95C4-47EE-BAD9-DBCC2E2EEAF5}.Release|Any CPU.ActiveCfg = Release|Any CPU
		{B49C93BF-95C4-47EE-BAD9-DBCC2E2EEAF5}.Release|Any CPU.Build.0 = Release|Any CPU
	EndGlobalSection
	GlobalSection(SolutionProperties) = preSolution
		HideSolutionNode = FALSE
	EndGlobalSection
	GlobalSection(ExtensibilityGlobals) = postSolution
		SolutionGuid = {18576E0D-3123-4BE2-BB01-0B4463B124D2}
	EndGlobalSection
EndGlobal
