
Microsoft Visual Studio Solution File, Format Version 12.00
# Visual Studio Version 17
VisualStudioVersion = 17.4.33205.214
MinimumVisualStudioVersion = 10.0.40219.1
Project("{FAE04EC0-301F-11D3-BF4B-00C04F79EFBC}") = "Tuan12Bai2", "Tuan12Bai2\Tuan12Bai2.csproj", "{704702AA-6F71-4470-8AA3-32E2FA37ABC1}"
EndProject
Global
	GlobalSection(SolutionConfigurationPlatforms) = preSolution
		Debug|Any CPU = Debug|Any CPU
		Release|Any CPU = Release|Any CPU
	EndGlobalSection
	GlobalSection(ProjectConfigurationPlatforms) = postSolution
		{704702AA-6F71-4470-8AA3-32E2FA37ABC1}.Debug|Any CPU.ActiveCfg = Debug|Any CPU
		{704702AA-6F71-4470-8AA3-32E2FA37ABC1}.Debug|Any CPU.Build.0 = Debug|Any CPU
		{704702AA-6F71-4470-8AA3-32E2FA37ABC1}.Release|Any CPU.ActiveCfg = Release|Any CPU
		{704702AA-6F71-4470-8AA3-32E2FA37ABC1}.Release|Any CPU.Build.0 = Release|Any CPU
	EndGlobalSection
	GlobalSection(SolutionProperties) = preSolution
		HideSolutionNode = FALSE
	EndGlobalSection
	GlobalSection(ExtensibilityGlobals) = postSolution
		SolutionGuid = {1D87AC98-52E6-4047-B5DD-27DF2CA17B91}
	EndGlobalSection
EndGlobal
