
Microsoft Visual Studio Solution File, Format Version 12.00
# Visual Studio Version 17
VisualStudioVersion = 17.3.32922.545
MinimumVisualStudioVersion = 10.0.40219.1
Project("{FAE04EC0-301F-11D3-BF4B-00C04F79EFBC}") = "Tuan2Bai4", "Tuan2Bai4\Tuan2Bai4.csproj", "{58369852-ED0E-4120-BE79-3F70EBAF4757}"
EndProject
Global
	GlobalSection(SolutionConfigurationPlatforms) = preSolution
		Debug|Any CPU = Debug|Any CPU
		Release|Any CPU = Release|Any CPU
	EndGlobalSection
	GlobalSection(ProjectConfigurationPlatforms) = postSolution
		{58369852-ED0E-4120-BE79-3F70EBAF4757}.Debug|Any CPU.ActiveCfg = Debug|Any CPU
		{58369852-ED0E-4120-BE79-3F70EBAF4757}.Debug|Any CPU.Build.0 = Debug|Any CPU
		{58369852-ED0E-4120-BE79-3F70EBAF4757}.Release|Any CPU.ActiveCfg = Release|Any CPU
		{58369852-ED0E-4120-BE79-3F70EBAF4757}.Release|Any CPU.Build.0 = Release|Any CPU
	EndGlobalSection
	GlobalSection(SolutionProperties) = preSolution
		HideSolutionNode = FALSE
	EndGlobalSection
	GlobalSection(ExtensibilityGlobals) = postSolution
		SolutionGuid = {6F6DF88B-4137-416F-BF9A-F0B95D292E7F}
	EndGlobalSection
EndGlobal
