
Microsoft Visual Studio Solution File, Format Version 12.00
# Visual Studio Version 17
VisualStudioVersion = 17.3.32922.545
MinimumVisualStudioVersion = 10.0.40219.1
Project("{FAE04EC0-301F-11D3-BF4B-00C04F79EFBC}") = "Tuan2Bai2", "Tuan2Bai2\Tuan2Bai2.csproj", "{F8EF31D1-4B70-4D37-B2D2-C0CDC076AA98}"
EndProject
Global
	GlobalSection(SolutionConfigurationPlatforms) = preSolution
		Debug|Any CPU = Debug|Any CPU
		Release|Any CPU = Release|Any CPU
	EndGlobalSection
	GlobalSection(ProjectConfigurationPlatforms) = postSolution
		{F8EF31D1-4B70-4D37-B2D2-C0CDC076AA98}.Debug|Any CPU.ActiveCfg = Debug|Any CPU
		{F8EF31D1-4B70-4D37-B2D2-C0CDC076AA98}.Debug|Any CPU.Build.0 = Debug|Any CPU
		{F8EF31D1-4B70-4D37-B2D2-C0CDC076AA98}.Release|Any CPU.ActiveCfg = Release|Any CPU
		{F8EF31D1-4B70-4D37-B2D2-C0CDC076AA98}.Release|Any CPU.Build.0 = Release|Any CPU
	EndGlobalSection
	GlobalSection(SolutionProperties) = preSolution
		HideSolutionNode = FALSE
	EndGlobalSection
	GlobalSection(ExtensibilityGlobals) = postSolution
		SolutionGuid = {FBADE12A-FF96-42EA-AD96-DCAF734874C2}
	EndGlobalSection
EndGlobal
