
Microsoft Visual Studio Solution File, Format Version 12.00
# Visual Studio Version 17
VisualStudioVersion = 17.3.32922.545
MinimumVisualStudioVersion = 10.0.40219.1
Project("{FAE04EC0-301F-11D3-BF4B-00C04F79EFBC}") = "Tuan1Bai4", "Tuan1Bai4\Tuan1Bai4.csproj", "{57731EBB-5C2E-439B-BC3A-37EFBF370A00}"
EndProject
Global
	GlobalSection(SolutionConfigurationPlatforms) = preSolution
		Debug|Any CPU = Debug|Any CPU
		Release|Any CPU = Release|Any CPU
	EndGlobalSection
	GlobalSection(ProjectConfigurationPlatforms) = postSolution
		{57731EBB-5C2E-439B-BC3A-37EFBF370A00}.Debug|Any CPU.ActiveCfg = Debug|Any CPU
		{57731EBB-5C2E-439B-BC3A-37EFBF370A00}.Debug|Any CPU.Build.0 = Debug|Any CPU
		{57731EBB-5C2E-439B-BC3A-37EFBF370A00}.Release|Any CPU.ActiveCfg = Release|Any CPU
		{57731EBB-5C2E-439B-BC3A-37EFBF370A00}.Release|Any CPU.Build.0 = Release|Any CPU
	EndGlobalSection
	GlobalSection(SolutionProperties) = preSolution
		HideSolutionNode = FALSE
	EndGlobalSection
	GlobalSection(ExtensibilityGlobals) = postSolution
		SolutionGuid = {E61C2F81-EB33-4C07-B484-5E5FC3F8AA35}
	EndGlobalSection
EndGlobal
