
Microsoft Visual Studio Solution File, Format Version 12.00
# Visual Studio Version 17
VisualStudioVersion = 17.4.33205.214
MinimumVisualStudioVersion = 10.0.40219.1
Project("{FAE04EC0-301F-11D3-BF4B-00C04F79EFBC}") = "Tuan8Bai1", "Tuan8Bai1\Tuan8Bai1.csproj", "{8C674B08-FC66-4E92-A15A-5375F2C4B3F7}"
EndProject
Global
	GlobalSection(SolutionConfigurationPlatforms) = preSolution
		Debug|Any CPU = Debug|Any CPU
		Release|Any CPU = Release|Any CPU
	EndGlobalSection
	GlobalSection(ProjectConfigurationPlatforms) = postSolution
		{8C674B08-FC66-4E92-A15A-5375F2C4B3F7}.Debug|Any CPU.ActiveCfg = Debug|Any CPU
		{8C674B08-FC66-4E92-A15A-5375F2C4B3F7}.Debug|Any CPU.Build.0 = Debug|Any CPU
		{8C674B08-FC66-4E92-A15A-5375F2C4B3F7}.Release|Any CPU.ActiveCfg = Release|Any CPU
		{8C674B08-FC66-4E92-A15A-5375F2C4B3F7}.Release|Any CPU.Build.0 = Release|Any CPU
	EndGlobalSection
	GlobalSection(SolutionProperties) = preSolution
		HideSolutionNode = FALSE
	EndGlobalSection
	GlobalSection(ExtensibilityGlobals) = postSolution
		SolutionGuid = {D7CE7DA4-D57B-470C-AA9B-628133FBC584}
	EndGlobalSection
EndGlobal
