
Microsoft Visual Studio Solution File, Format Version 12.00
# Visual Studio Version 17
VisualStudioVersion = 17.4.33205.214
MinimumVisualStudioVersion = 10.0.40219.1
Project("{FAE04EC0-301F-11D3-BF4B-00C04F79EFBC}") = "Tuan2Bai5", "Tuan2Bai5\Tuan2Bai5.csproj", "{735F8A73-798B-43EF-A5D9-1AC8ECD372B3}"
EndProject
Global
	GlobalSection(SolutionConfigurationPlatforms) = preSolution
		Debug|Any CPU = Debug|Any CPU
		Release|Any CPU = Release|Any CPU
	EndGlobalSection
	GlobalSection(ProjectConfigurationPlatforms) = postSolution
		{735F8A73-798B-43EF-A5D9-1AC8ECD372B3}.Debug|Any CPU.ActiveCfg = Debug|Any CPU
		{735F8A73-798B-43EF-A5D9-1AC8ECD372B3}.Debug|Any CPU.Build.0 = Debug|Any CPU
		{735F8A73-798B-43EF-A5D9-1AC8ECD372B3}.Release|Any CPU.ActiveCfg = Release|Any CPU
		{735F8A73-798B-43EF-A5D9-1AC8ECD372B3}.Release|Any CPU.Build.0 = Release|Any CPU
	EndGlobalSection
	GlobalSection(SolutionProperties) = preSolution
		HideSolutionNode = FALSE
	EndGlobalSection
	GlobalSection(ExtensibilityGlobals) = postSolution
		SolutionGuid = {E60A6F31-2958-4036-82FA-F744C5828DDB}
	EndGlobalSection
EndGlobal
