
Microsoft Visual Studio Solution File, Format Version 12.00
# Visual Studio Version 17
VisualStudioVersion = 17.3.32922.545
MinimumVisualStudioVersion = 10.0.40219.1
Project("{FAE04EC0-301F-11D3-BF4B-00C04F79EFBC}") = "Tuan4Bai1", "Tuan4Bai1\Tuan4Bai1.csproj", "{546E5B8E-4F49-457C-AE5B-6016D8FDFD46}"
EndProject
Global
	GlobalSection(SolutionConfigurationPlatforms) = preSolution
		Debug|Any CPU = Debug|Any CPU
		Release|Any CPU = Release|Any CPU
	EndGlobalSection
	GlobalSection(ProjectConfigurationPlatforms) = postSolution
		{546E5B8E-4F49-457C-AE5B-6016D8FDFD46}.Debug|Any CPU.ActiveCfg = Debug|Any CPU
		{546E5B8E-4F49-457C-AE5B-6016D8FDFD46}.Debug|Any CPU.Build.0 = Debug|Any CPU
		{546E5B8E-4F49-457C-AE5B-6016D8FDFD46}.Release|Any CPU.ActiveCfg = Release|Any CPU
		{546E5B8E-4F49-457C-AE5B-6016D8FDFD46}.Release|Any CPU.Build.0 = Release|Any CPU
	EndGlobalSection
	GlobalSection(SolutionProperties) = preSolution
		HideSolutionNode = FALSE
	EndGlobalSection
	GlobalSection(ExtensibilityGlobals) = postSolution
		SolutionGuid = {0E5E15C9-F33F-459B-9195-32C6EA922C48}
	EndGlobalSection
EndGlobal
