
Microsoft Visual Studio Solution File, Format Version 12.00
# Visual Studio Version 17
VisualStudioVersion = 17.4.33205.214
MinimumVisualStudioVersion = 10.0.40219.1
Project("{FAE04EC0-301F-11D3-BF4B-00C04F79EFBC}") = "Tuan11Bai2", "Tuan11Bai2\Tuan11Bai2.csproj", "{B9869093-0304-4693-9F43-37DF0FE1068B}"
EndProject
Global
	GlobalSection(SolutionConfigurationPlatforms) = preSolution
		Debug|Any CPU = Debug|Any CPU
		Release|Any CPU = Release|Any CPU
	EndGlobalSection
	GlobalSection(ProjectConfigurationPlatforms) = postSolution
		{B9869093-0304-4693-9F43-37DF0FE1068B}.Debug|Any CPU.ActiveCfg = Debug|Any CPU
		{B9869093-0304-4693-9F43-37DF0FE1068B}.Debug|Any CPU.Build.0 = Debug|Any CPU
		{B9869093-0304-4693-9F43-37DF0FE1068B}.Release|Any CPU.ActiveCfg = Release|Any CPU
		{B9869093-0304-4693-9F43-37DF0FE1068B}.Release|Any CPU.Build.0 = Release|Any CPU
	EndGlobalSection
	GlobalSection(SolutionProperties) = preSolution
		HideSolutionNode = FALSE
	EndGlobalSection
	GlobalSection(ExtensibilityGlobals) = postSolution
		SolutionGuid = {DDC23E5A-1E91-48A2-93CD-9EA130EB48F6}
	EndGlobalSection
EndGlobal
