
Microsoft Visual Studio Solution File, Format Version 12.00
# Visual Studio Version 17
VisualStudioVersion = 17.4.33205.214
MinimumVisualStudioVersion = 10.0.40219.1
Project("{FAE04EC0-301F-11D3-BF4B-00C04F79EFBC}") = "Tuan10Bai1", "Tuan10Bai1\Tuan10Bai1.csproj", "{953A4EF4-838D-47A7-A6C7-A7C2DB4435F3}"
EndProject
Global
	GlobalSection(SolutionConfigurationPlatforms) = preSolution
		Debug|Any CPU = Debug|Any CPU
		Release|Any CPU = Release|Any CPU
	EndGlobalSection
	GlobalSection(ProjectConfigurationPlatforms) = postSolution
		{953A4EF4-838D-47A7-A6C7-A7C2DB4435F3}.Debug|Any CPU.ActiveCfg = Debug|Any CPU
		{953A4EF4-838D-47A7-A6C7-A7C2DB4435F3}.Debug|Any CPU.Build.0 = Debug|Any CPU
		{953A4EF4-838D-47A7-A6C7-A7C2DB4435F3}.Release|Any CPU.ActiveCfg = Release|Any CPU
		{953A4EF4-838D-47A7-A6C7-A7C2DB4435F3}.Release|Any CPU.Build.0 = Release|Any CPU
	EndGlobalSection
	GlobalSection(SolutionProperties) = preSolution
		HideSolutionNode = FALSE
	EndGlobalSection
	GlobalSection(ExtensibilityGlobals) = postSolution
		SolutionGuid = {1ADED834-7CCA-459A-AED9-95F1A4B3F6C4}
	EndGlobalSection
EndGlobal
